
Microsoft Visual Studio Solution File, Format Version 12.00
# Visual Studio 15
VisualStudioVersion = 15.0.26228.9
MinimumVisualStudioVersion = 10.0.40219.1
Project("{FAE04EC0-301F-11D3-BF4B-00C04F79EFBC}") = "Uganda_anti_corruption_portal", "Uganda_anti_corruption_portal\Uganda_anti_corruption_portal.csproj", "{C491E3CC-BFA8-4386-A7E2-2D7554433EEC}"
EndProject
Project("{FAE04EC0-301F-11D3-BF4B-00C04F79EFBC}") = "Uganda_anti_corruption_portal.Tests", "Uganda_anti_corruption_portal.Tests\Uganda_anti_corruption_portal.Tests.csproj", "{4CD70F62-E51A-4D53-B8BD-39635BF2750D}"
EndProject
Global
	GlobalSection(SolutionConfigurationPlatforms) = preSolution
		Debug|Any CPU = Debug|Any CPU
		Release|Any CPU = Release|Any CPU
	EndGlobalSection
	GlobalSection(ProjectConfigurationPlatforms) = postSolution
		{C491E3CC-BFA8-4386-A7E2-2D7554433EEC}.Debug|Any CPU.ActiveCfg = Debug|Any CPU
		{C491E3CC-BFA8-4386-A7E2-2D7554433EEC}.Debug|Any CPU.Build.0 = Debug|Any CPU
		{C491E3CC-BFA8-4386-A7E2-2D7554433EEC}.Release|Any CPU.ActiveCfg = Release|Any CPU
		{C491E3CC-BFA8-4386-A7E2-2D7554433EEC}.Release|Any CPU.Build.0 = Release|Any CPU
		{4CD70F62-E51A-4D53-B8BD-39635BF2750D}.Debug|Any CPU.ActiveCfg = Debug|Any CPU
		{4CD70F62-E51A-4D53-B8BD-39635BF2750D}.Debug|Any CPU.Build.0 = Debug|Any CPU
		{4CD70F62-E51A-4D53-B8BD-39635BF2750D}.Release|Any CPU.ActiveCfg = Release|Any CPU
		{4CD70F62-E51A-4D53-B8BD-39635BF2750D}.Release|Any CPU.Build.0 = Release|Any CPU
	EndGlobalSection
	GlobalSection(SolutionProperties) = preSolution
		HideSolutionNode = FALSE
	EndGlobalSection
EndGlobal
