
Microsoft Visual Studio Solution File, Format Version 12.00
# Visual Studio 15
VisualStudioVersion = 15.0.26228.9
MinimumVisualStudioVersion = 10.0.40219.1
Project("{FAE04EC0-301F-11D3-BF4B-00C04F79EFBC}") = "Uganda_anti_corruption_portal", "Uganda_anti_corruption_portal\Uganda_anti_corruption_portal.csproj", "{C491E3CC-BFA8-4386-A7E2-2D7554433EEC}"
EndProject
Global
	GlobalSection(SolutionConfigurationPlatforms) = preSolution
		Debug|Any CPU = Debug|Any CPU
		Release|Any CPU = Release|Any CPU
	EndGlobalSection
	GlobalSection(ProjectConfigurationPlatforms) = postSolution
		{C491E3CC-BFA8-4386-A7E2-2D7554433EEC}.Debug|Any CPU.ActiveCfg = Debug|Any CPU
		{C491E3CC-BFA8-4386-A7E2-2D7554433EEC}.Debug|Any CPU.Build.0 = Debug|Any CPU
		{C491E3CC-BFA8-4386-A7E2-2D7554433EEC}.Release|Any CPU.ActiveCfg = Release|Any CPU
		{C491E3CC-BFA8-4386-A7E2-2D7554433EEC}.Release|Any CPU.Build.0 = Release|Any CPU
	EndGlobalSection
	GlobalSection(SolutionProperties) = preSolution
		HideSolutionNode = FALSE
	EndGlobalSection
	GlobalSection(ExtensibilityGlobals) = postSolution
		SolutionGuid = {C5ED771D-AA20-4984-A402-8B78CF61F07F}
	EndGlobalSection
EndGlobal
